
Microsoft Visual Studio Solution File, Format Version 12.00
# Visual Studio Version 17
VisualStudioVersion = 17.3.32901.215
MinimumVisualStudioVersion = 10.0.40219.1
Project("{8BC9CEB8-8B4A-11D0-8D11-00A0C91BC942}") = "3_1", "3_1\3_1.vcxproj", "{21D1B99C-F78A-47AF-B08E-DA75C7939950}"
EndProject
Project("{8BC9CEB8-8B4A-11D0-8D11-00A0C91BC942}") = "3_2", "3_2\3_2.vcxproj", "{5B5E382B-177F-462C-81A9-AD247A7051B9}"
EndProject
Project("{8BC9CEB8-8B4A-11D0-8D11-00A0C91BC942}") = "3_3", "3_3\3_3.vcxproj", "{FC177DC1-B636-4986-BA4C-88666C006882}"
EndProject
Project("{8BC9CEB8-8B4A-11D0-8D11-00A0C91BC942}") = "3_4", "3_4\3_4.vcxproj", "{9D745FCC-97D3-4007-9D73-3D244D5FA38B}"
EndProject
Project("{8BC9CEB8-8B4A-11D0-8D11-00A0C91BC942}") = "3_5", "3_5\3_5.vcxproj", "{832E2EEA-D5F8-4BED-88B9-ABAC457D6442}"
EndProject
Project("{8BC9CEB8-8B4A-11D0-8D11-00A0C91BC942}") = "3_6", "3_6\3_6.vcxproj", "{612AD5AB-BE15-489C-84B8-F303F9F6383F}"
EndProject
Project("{8BC9CEB8-8B4A-11D0-8D11-00A0C91BC942}") = "3_7", "3_7\3_7.vcxproj", "{E5187F1E-5DAF-4B43-81EC-681FE7F729E6}"
EndProject
Project("{8BC9CEB8-8B4A-11D0-8D11-00A0C91BC942}") = "3_8", "3_8\3_8.vcxproj", "{16DC2076-930A-4C7F-97E9-6067C76F9C46}"
EndProject
Project("{8BC9CEB8-8B4A-11D0-8D11-00A0C91BC942}") = "3_9", "3_9\3_9.vcxproj", "{84E02ABA-56E7-4156-A0C4-3345FAE4765B}"
EndProject
Project("{8BC9CEB8-8B4A-11D0-8D11-00A0C91BC942}") = "3-10", "3-10\3-10.vcxproj", "{E1FB75F5-7E29-4D78-A792-68013CD3D157}"
EndProject
Project("{8BC9CEB8-8B4A-11D0-8D11-00A0C91BC942}") = "3-11", "3-11\3-11.vcxproj", "{B0033FF0-1BA1-4A02-B0FE-A925047BE990}"
EndProject
Project("{8BC9CEB8-8B4A-11D0-8D11-00A0C91BC942}") = "3-12", "3-12\3-12.vcxproj", "{E21B3C28-893B-4282-ADD5-8C7C52047C1A}"
EndProject
Project("{8BC9CEB8-8B4A-11D0-8D11-00A0C91BC942}") = "4_01", "4_01\4_01.vcxproj", "{57717EB8-C015-4F36-9027-DBB487CACD8E}"
EndProject
Project("{8BC9CEB8-8B4A-11D0-8D11-00A0C91BC942}") = "4_02", "4_02\4_02.vcxproj", "{E657DB82-F223-4150-BDB7-57A07C714D52}"
EndProject
Project("{8BC9CEB8-8B4A-11D0-8D11-00A0C91BC942}") = "4_03", "4_03\4_03.vcxproj", "{383A977D-781D-460D-89DF-31F3C95723E6}"
EndProject
Project("{8BC9CEB8-8B4A-11D0-8D11-00A0C91BC942}") = "4_04", "4_04\4_04.vcxproj", "{6A23ABA4-6FDB-449E-ADFE-F32D65C8C88F}"
EndProject
Project("{8BC9CEB8-8B4A-11D0-8D11-00A0C91BC942}") = "4_05", "4_05\4_05.vcxproj", "{098F3CEC-4A2A-4A0E-85E6-01820A8D11F3}"
EndProject
Project("{8BC9CEB8-8B4A-11D0-8D11-00A0C91BC942}") = "4_06", "4_06\4_06.vcxproj", "{82EAD3A9-7E01-485B-8342-FD70079106CB}"
EndProject
Project("{8BC9CEB8-8B4A-11D0-8D11-00A0C91BC942}") = "4_07", "4_07\4_07.vcxproj", "{B9BAAE0D-532B-4C58-B8B6-7F15ADE367DF}"
EndProject
Project("{8BC9CEB8-8B4A-11D0-8D11-00A0C91BC942}") = "4_08", "4_08\4_08.vcxproj", "{FB086104-EE79-4361-9B3A-3EE2DE673BC8}"
EndProject
Project("{8BC9CEB8-8B4A-11D0-8D11-00A0C91BC942}") = "4_09", "4_09\4_09.vcxproj", "{51D8A86F-4B79-4FD4-B8B8-97BBF6F269B4}"
EndProject
Project("{8BC9CEB8-8B4A-11D0-8D11-00A0C91BC942}") = "4_10", "4_10\4_10.vcxproj", "{32566E45-A581-49C8-843A-58405901B453}"
EndProject
Project("{8BC9CEB8-8B4A-11D0-8D11-00A0C91BC942}") = "4_11", "4_11\4_11.vcxproj", "{209D2DE6-CB1C-4241-BEA4-925F8F2F5A4F}"
EndProject
Project("{8BC9CEB8-8B4A-11D0-8D11-00A0C91BC942}") = "4_12", "4_12\4_12.vcxproj", "{510C831D-1DF9-41AE-A3E6-DAF64AE2B28F}"
EndProject
Project("{8BC9CEB8-8B4A-11D0-8D11-00A0C91BC942}") = "4_13", "4_13\4_13.vcxproj", "{C2E60099-FBE7-4181-A56B-B5F5430DB418}"
EndProject
Project("{8BC9CEB8-8B4A-11D0-8D11-00A0C91BC942}") = "4_14", "4_14\4_14.vcxproj", "{248CEF2C-55BA-447F-AB62-2632E8503B4F}"
EndProject
Project("{8BC9CEB8-8B4A-11D0-8D11-00A0C91BC942}") = "5_01", "5_01\5_01.vcxproj", "{C2D3CA26-6D86-4FA4-992D-2FE28C1760C5}"
EndProject
Project("{8BC9CEB8-8B4A-11D0-8D11-00A0C91BC942}") = "5_02", "5_02\5_02.vcxproj", "{741621FA-909D-49D3-BEC0-AABA5C9B0CFA}"
EndProject
Project("{8BC9CEB8-8B4A-11D0-8D11-00A0C91BC942}") = "5_03", "5_03\5_03.vcxproj", "{72B1F49A-EA74-41E8-B123-75745F7E9F7B}"
EndProject
Project("{8BC9CEB8-8B4A-11D0-8D11-00A0C91BC942}") = "5_04", "5_04\5_04.vcxproj", "{B44DF77C-92F9-4764-90AE-1FDD3AF6277F}"
EndProject
Project("{8BC9CEB8-8B4A-11D0-8D11-00A0C91BC942}") = "5_05", "5_05\5_05.vcxproj", "{C0E68040-1053-4118-9499-BD1C1ACBB74B}"
EndProject
Project("{8BC9CEB8-8B4A-11D0-8D11-00A0C91BC942}") = "5_06", "5_06\5_06.vcxproj", "{76099ED6-9B66-4646-B7E0-0992C10877D1}"
EndProject
Project("{8BC9CEB8-8B4A-11D0-8D11-00A0C91BC942}") = "5_07", "5_07\5_07.vcxproj", "{66BF4561-14B6-4AB4-A745-3A4F60B14412}"
EndProject
Project("{8BC9CEB8-8B4A-11D0-8D11-00A0C91BC942}") = "5_08", "5_08\5_08.vcxproj", "{A128BA4E-E24F-4039-8F6E-EC92DFF5E8D9}"
EndProject
Project("{8BC9CEB8-8B4A-11D0-8D11-00A0C91BC942}") = "5_09", "5_09\5_09.vcxproj", "{F00238F6-B5EE-4F0E-AF8A-DB23A75E8748}"
EndProject
Project("{8BC9CEB8-8B4A-11D0-8D11-00A0C91BC942}") = "5_10", "5_10\5_10.vcxproj", "{394609C1-168B-435D-B89C-FF4BAB3E1E98}"
EndProject
Global
	GlobalSection(SolutionConfigurationPlatforms) = preSolution
		Debug|x64 = Debug|x64
		Debug|x86 = Debug|x86
		Release|x64 = Release|x64
		Release|x86 = Release|x86
	EndGlobalSection
	GlobalSection(ProjectConfigurationPlatforms) = postSolution
		{21D1B99C-F78A-47AF-B08E-DA75C7939950}.Debug|x64.ActiveCfg = Debug|x64
		{21D1B99C-F78A-47AF-B08E-DA75C7939950}.Debug|x64.Build.0 = Debug|x64
		{21D1B99C-F78A-47AF-B08E-DA75C7939950}.Debug|x86.ActiveCfg = Debug|Win32
		{21D1B99C-F78A-47AF-B08E-DA75C7939950}.Debug|x86.Build.0 = Debug|Win32
		{21D1B99C-F78A-47AF-B08E-DA75C7939950}.Release|x64.ActiveCfg = Release|x64
		{21D1B99C-F78A-47AF-B08E-DA75C7939950}.Release|x64.Build.0 = Release|x64
		{21D1B99C-F78A-47AF-B08E-DA75C7939950}.Release|x86.ActiveCfg = Release|Win32
		{21D1B99C-F78A-47AF-B08E-DA75C7939950}.Release|x86.Build.0 = Release|Win32
		{5B5E382B-177F-462C-81A9-AD247A7051B9}.Debug|x64.ActiveCfg = Debug|x64
		{5B5E382B-177F-462C-81A9-AD247A7051B9}.Debug|x64.Build.0 = Debug|x64
		{5B5E382B-177F-462C-81A9-AD247A7051B9}.Debug|x86.ActiveCfg = Debug|Win32
		{5B5E382B-177F-462C-81A9-AD247A7051B9}.Debug|x86.Build.0 = Debug|Win32
		{5B5E382B-177F-462C-81A9-AD247A7051B9}.Release|x64.ActiveCfg = Release|x64
		{5B5E382B-177F-462C-81A9-AD247A7051B9}.Release|x64.Build.0 = Release|x64
		{5B5E382B-177F-462C-81A9-AD247A7051B9}.Release|x86.ActiveCfg = Release|Win32
		{5B5E382B-177F-462C-81A9-AD247A7051B9}.Release|x86.Build.0 = Release|Win32
		{FC177DC1-B636-4986-BA4C-88666C006882}.Debug|x64.ActiveCfg = Debug|x64
		{FC177DC1-B636-4986-BA4C-88666C006882}.Debug|x64.Build.0 = Debug|x64
		{FC177DC1-B636-4986-BA4C-88666C006882}.Debug|x86.ActiveCfg = Debug|Win32
		{FC177DC1-B636-4986-BA4C-88666C006882}.Debug|x86.Build.0 = Debug|Win32
		{FC177DC1-B636-4986-BA4C-88666C006882}.Release|x64.ActiveCfg = Release|x64
		{FC177DC1-B636-4986-BA4C-88666C006882}.Release|x64.Build.0 = Release|x64
		{FC177DC1-B636-4986-BA4C-88666C006882}.Release|x86.ActiveCfg = Release|Win32
		{FC177DC1-B636-4986-BA4C-88666C006882}.Release|x86.Build.0 = Release|Win32
		{9D745FCC-97D3-4007-9D73-3D244D5FA38B}.Debug|x64.ActiveCfg = Debug|x64
		{9D745FCC-97D3-4007-9D73-3D244D5FA38B}.Debug|x64.Build.0 = Debug|x64
		{9D745FCC-97D3-4007-9D73-3D244D5FA38B}.Debug|x86.ActiveCfg = Debug|Win32
		{9D745FCC-97D3-4007-9D73-3D244D5FA38B}.Debug|x86.Build.0 = Debug|Win32
		{9D745FCC-97D3-4007-9D73-3D244D5FA38B}.Release|x64.ActiveCfg = Release|x64
		{9D745FCC-97D3-4007-9D73-3D244D5FA38B}.Release|x64.Build.0 = Release|x64
		{9D745FCC-97D3-4007-9D73-3D244D5FA38B}.Release|x86.ActiveCfg = Release|Win32
		{9D745FCC-97D3-4007-9D73-3D244D5FA38B}.Release|x86.Build.0 = Release|Win32
		{832E2EEA-D5F8-4BED-88B9-ABAC457D6442}.Debug|x64.ActiveCfg = Debug|x64
		{832E2EEA-D5F8-4BED-88B9-ABAC457D6442}.Debug|x64.Build.0 = Debug|x64
		{832E2EEA-D5F8-4BED-88B9-ABAC457D6442}.Debug|x86.ActiveCfg = Debug|Win32
		{832E2EEA-D5F8-4BED-88B9-ABAC457D6442}.Debug|x86.Build.0 = Debug|Win32
		{832E2EEA-D5F8-4BED-88B9-ABAC457D6442}.Release|x64.ActiveCfg = Release|x64
		{832E2EEA-D5F8-4BED-88B9-ABAC457D6442}.Release|x64.Build.0 = Release|x64
		{832E2EEA-D5F8-4BED-88B9-ABAC457D6442}.Release|x86.ActiveCfg = Release|Win32
		{832E2EEA-D5F8-4BED-88B9-ABAC457D6442}.Release|x86.Build.0 = Release|Win32
		{612AD5AB-BE15-489C-84B8-F303F9F6383F}.Debug|x64.ActiveCfg = Debug|x64
		{612AD5AB-BE15-489C-84B8-F303F9F6383F}.Debug|x64.Build.0 = Debug|x64
		{612AD5AB-BE15-489C-84B8-F303F9F6383F}.Debug|x86.ActiveCfg = Debug|Win32
		{612AD5AB-BE15-489C-84B8-F303F9F6383F}.Debug|x86.Build.0 = Debug|Win32
		{612AD5AB-BE15-489C-84B8-F303F9F6383F}.Release|x64.ActiveCfg = Release|x64
		{612AD5AB-BE15-489C-84B8-F303F9F6383F}.Release|x64.Build.0 = Release|x64
		{612AD5AB-BE15-489C-84B8-F303F9F6383F}.Release|x86.ActiveCfg = Release|Win32
		{612AD5AB-BE15-489C-84B8-F303F9F6383F}.Release|x86.Build.0 = Release|Win32
		{E5187F1E-5DAF-4B43-81EC-681FE7F729E6}.Debug|x64.ActiveCfg = Debug|x64
		{E5187F1E-5DAF-4B43-81EC-681FE7F729E6}.Debug|x64.Build.0 = Debug|x64
		{E5187F1E-5DAF-4B43-81EC-681FE7F729E6}.Debug|x86.ActiveCfg = Debug|Win32
		{E5187F1E-5DAF-4B43-81EC-681FE7F729E6}.Debug|x86.Build.0 = Debug|Win32
		{E5187F1E-5DAF-4B43-81EC-681FE7F729E6}.Release|x64.ActiveCfg = Release|x64
		{E5187F1E-5DAF-4B43-81EC-681FE7F729E6}.Release|x64.Build.0 = Release|x64
		{E5187F1E-5DAF-4B43-81EC-681FE7F729E6}.Release|x86.ActiveCfg = Release|Win32
		{E5187F1E-5DAF-4B43-81EC-681FE7F729E6}.Release|x86.Build.0 = Release|Win32
		{16DC2076-930A-4C7F-97E9-6067C76F9C46}.Debug|x64.ActiveCfg = Debug|x64
		{16DC2076-930A-4C7F-97E9-6067C76F9C46}.Debug|x64.Build.0 = Debug|x64
		{16DC2076-930A-4C7F-97E9-6067C76F9C46}.Debug|x86.ActiveCfg = Debug|Win32
		{16DC2076-930A-4C7F-97E9-6067C76F9C46}.Debug|x86.Build.0 = Debug|Win32
		{16DC2076-930A-4C7F-97E9-6067C76F9C46}.Release|x64.ActiveCfg = Release|x64
		{16DC2076-930A-4C7F-97E9-6067C76F9C46}.Release|x64.Build.0 = Release|x64
		{16DC2076-930A-4C7F-97E9-6067C76F9C46}.Release|x86.ActiveCfg = Release|Win32
		{16DC2076-930A-4C7F-97E9-6067C76F9C46}.Release|x86.Build.0 = Release|Win32
		{84E02ABA-56E7-4156-A0C4-3345FAE4765B}.Debug|x64.ActiveCfg = Debug|x64
		{84E02ABA-56E7-4156-A0C4-3345FAE4765B}.Debug|x64.Build.0 = Debug|x64
		{84E02ABA-56E7-4156-A0C4-3345FAE4765B}.Debug|x86.ActiveCfg = Debug|Win32
		{84E02ABA-56E7-4156-A0C4-3345FAE4765B}.Debug|x86.Build.0 = Debug|Win32
		{84E02ABA-56E7-4156-A0C4-3345FAE4765B}.Release|x64.ActiveCfg = Release|x64
		{84E02ABA-56E7-4156-A0C4-3345FAE4765B}.Release|x64.Build.0 = Release|x64
		{84E02ABA-56E7-4156-A0C4-3345FAE4765B}.Release|x86.ActiveCfg = Release|Win32
		{84E02ABA-56E7-4156-A0C4-3345FAE4765B}.Release|x86.Build.0 = Release|Win32
		{E1FB75F5-7E29-4D78-A792-68013CD3D157}.Debug|x64.ActiveCfg = Debug|x64
		{E1FB75F5-7E29-4D78-A792-68013CD3D157}.Debug|x64.Build.0 = Debug|x64
		{E1FB75F5-7E29-4D78-A792-68013CD3D157}.Debug|x86.ActiveCfg = Debug|Win32
		{E1FB75F5-7E29-4D78-A792-68013CD3D157}.Debug|x86.Build.0 = Debug|Win32
		{E1FB75F5-7E29-4D78-A792-68013CD3D157}.Release|x64.ActiveCfg = Release|x64
		{E1FB75F5-7E29-4D78-A792-68013CD3D157}.Release|x64.Build.0 = Release|x64
		{E1FB75F5-7E29-4D78-A792-68013CD3D157}.Release|x86.ActiveCfg = Release|Win32
		{E1FB75F5-7E29-4D78-A792-68013CD3D157}.Release|x86.Build.0 = Release|Win32
		{B0033FF0-1BA1-4A02-B0FE-A925047BE990}.Debug|x64.ActiveCfg = Debug|x64
		{B0033FF0-1BA1-4A02-B0FE-A925047BE990}.Debug|x64.Build.0 = Debug|x64
		{B0033FF0-1BA1-4A02-B0FE-A925047BE990}.Debug|x86.ActiveCfg = Debug|Win32
		{B0033FF0-1BA1-4A02-B0FE-A925047BE990}.Debug|x86.Build.0 = Debug|Win32
		{B0033FF0-1BA1-4A02-B0FE-A925047BE990}.Release|x64.ActiveCfg = Release|x64
		{B0033FF0-1BA1-4A02-B0FE-A925047BE990}.Release|x64.Build.0 = Release|x64
		{B0033FF0-1BA1-4A02-B0FE-A925047BE990}.Release|x86.ActiveCfg = Release|Win32
		{B0033FF0-1BA1-4A02-B0FE-A925047BE990}.Release|x86.Build.0 = Release|Win32
		{E21B3C28-893B-4282-ADD5-8C7C52047C1A}.Debug|x64.ActiveCfg = Debug|x64
		{E21B3C28-893B-4282-ADD5-8C7C52047C1A}.Debug|x64.Build.0 = Debug|x64
		{E21B3C28-893B-4282-ADD5-8C7C52047C1A}.Debug|x86.ActiveCfg = Debug|Win32
		{E21B3C28-893B-4282-ADD5-8C7C52047C1A}.Debug|x86.Build.0 = Debug|Win32
		{E21B3C28-893B-4282-ADD5-8C7C52047C1A}.Release|x64.ActiveCfg = Release|x64
		{E21B3C28-893B-4282-ADD5-8C7C52047C1A}.Release|x64.Build.0 = Release|x64
		{E21B3C28-893B-4282-ADD5-8C7C52047C1A}.Release|x86.ActiveCfg = Release|Win32
		{E21B3C28-893B-4282-ADD5-8C7C52047C1A}.Release|x86.Build.0 = Release|Win32
		{57717EB8-C015-4F36-9027-DBB487CACD8E}.Debug|x64.ActiveCfg = Debug|x64
		{57717EB8-C015-4F36-9027-DBB487CACD8E}.Debug|x64.Build.0 = Debug|x64
		{57717EB8-C015-4F36-9027-DBB487CACD8E}.Debug|x86.ActiveCfg = Debug|Win32
		{57717EB8-C015-4F36-9027-DBB487CACD8E}.Debug|x86.Build.0 = Debug|Win32
		{57717EB8-C015-4F36-9027-DBB487CACD8E}.Release|x64.ActiveCfg = Release|x64
		{57717EB8-C015-4F36-9027-DBB487CACD8E}.Release|x64.Build.0 = Release|x64
		{57717EB8-C015-4F36-9027-DBB487CACD8E}.Release|x86.ActiveCfg = Release|Win32
		{57717EB8-C015-4F36-9027-DBB487CACD8E}.Release|x86.Build.0 = Release|Win32
		{E657DB82-F223-4150-BDB7-57A07C714D52}.Debug|x64.ActiveCfg = Debug|x64
		{E657DB82-F223-4150-BDB7-57A07C714D52}.Debug|x64.Build.0 = Debug|x64
		{E657DB82-F223-4150-BDB7-57A07C714D52}.Debug|x86.ActiveCfg = Debug|Win32
		{E657DB82-F223-4150-BDB7-57A07C714D52}.Debug|x86.Build.0 = Debug|Win32
		{E657DB82-F223-4150-BDB7-57A07C714D52}.Release|x64.ActiveCfg = Release|x64
		{E657DB82-F223-4150-BDB7-57A07C714D52}.Release|x64.Build.0 = Release|x64
		{E657DB82-F223-4150-BDB7-57A07C714D52}.Release|x86.ActiveCfg = Release|Win32
		{E657DB82-F223-4150-BDB7-57A07C714D52}.Release|x86.Build.0 = Release|Win32
		{383A977D-781D-460D-89DF-31F3C95723E6}.Debug|x64.ActiveCfg = Debug|x64
		{383A977D-781D-460D-89DF-31F3C95723E6}.Debug|x64.Build.0 = Debug|x64
		{383A977D-781D-460D-89DF-31F3C95723E6}.Debug|x86.ActiveCfg = Debug|Win32
		{383A977D-781D-460D-89DF-31F3C95723E6}.Debug|x86.Build.0 = Debug|Win32
		{383A977D-781D-460D-89DF-31F3C95723E6}.Release|x64.ActiveCfg = Release|x64
		{383A977D-781D-460D-89DF-31F3C95723E6}.Release|x64.Build.0 = Release|x64
		{383A977D-781D-460D-89DF-31F3C95723E6}.Release|x86.ActiveCfg = Release|Win32
		{383A977D-781D-460D-89DF-31F3C95723E6}.Release|x86.Build.0 = Release|Win32
		{6A23ABA4-6FDB-449E-ADFE-F32D65C8C88F}.Debug|x64.ActiveCfg = Debug|x64
		{6A23ABA4-6FDB-449E-ADFE-F32D65C8C88F}.Debug|x64.Build.0 = Debug|x64
		{6A23ABA4-6FDB-449E-ADFE-F32D65C8C88F}.Debug|x86.ActiveCfg = Debug|Win32
		{6A23ABA4-6FDB-449E-ADFE-F32D65C8C88F}.Debug|x86.Build.0 = Debug|Win32
		{6A23ABA4-6FDB-449E-ADFE-F32D65C8C88F}.Release|x64.ActiveCfg = Release|x64
		{6A23ABA4-6FDB-449E-ADFE-F32D65C8C88F}.Release|x64.Build.0 = Release|x64
		{6A23ABA4-6FDB-449E-ADFE-F32D65C8C88F}.Release|x86.ActiveCfg = Release|Win32
		{6A23ABA4-6FDB-449E-ADFE-F32D65C8C88F}.Release|x86.Build.0 = Release|Win32
		{098F3CEC-4A2A-4A0E-85E6-01820A8D11F3}.Debug|x64.ActiveCfg = Debug|x64
		{098F3CEC-4A2A-4A0E-85E6-01820A8D11F3}.Debug|x64.Build.0 = Debug|x64
		{098F3CEC-4A2A-4A0E-85E6-01820A8D11F3}.Debug|x86.ActiveCfg = Debug|Win32
		{098F3CEC-4A2A-4A0E-85E6-01820A8D11F3}.Debug|x86.Build.0 = Debug|Win32
		{098F3CEC-4A2A-4A0E-85E6-01820A8D11F3}.Release|x64.ActiveCfg = Release|x64
		{098F3CEC-4A2A-4A0E-85E6-01820A8D11F3}.Release|x64.Build.0 = Release|x64
		{098F3CEC-4A2A-4A0E-85E6-01820A8D11F3}.Release|x86.ActiveCfg = Release|Win32
		{098F3CEC-4A2A-4A0E-85E6-01820A8D11F3}.Release|x86.Build.0 = Release|Win32
		{82EAD3A9-7E01-485B-8342-FD70079106CB}.Debug|x64.ActiveCfg = Debug|x64
		{82EAD3A9-7E01-485B-8342-FD70079106CB}.Debug|x64.Build.0 = Debug|x64
		{82EAD3A9-7E01-485B-8342-FD70079106CB}.Debug|x86.ActiveCfg = Debug|Win32
		{82EAD3A9-7E01-485B-8342-FD70079106CB}.Debug|x86.Build.0 = Debug|Win32
		{82EAD3A9-7E01-485B-8342-FD70079106CB}.Release|x64.ActiveCfg = Release|x64
		{82EAD3A9-7E01-485B-8342-FD70079106CB}.Release|x64.Build.0 = Release|x64
		{82EAD3A9-7E01-485B-8342-FD70079106CB}.Release|x86.ActiveCfg = Release|Win32
		{82EAD3A9-7E01-485B-8342-FD70079106CB}.Release|x86.Build.0 = Release|Win32
		{B9BAAE0D-532B-4C58-B8B6-7F15ADE367DF}.Debug|x64.ActiveCfg = Debug|x64
		{B9BAAE0D-532B-4C58-B8B6-7F15ADE367DF}.Debug|x64.Build.0 = Debug|x64
		{B9BAAE0D-532B-4C58-B8B6-7F15ADE367DF}.Debug|x86.ActiveCfg = Debug|Win32
		{B9BAAE0D-532B-4C58-B8B6-7F15ADE367DF}.Debug|x86.Build.0 = Debug|Win32
		{B9BAAE0D-532B-4C58-B8B6-7F15ADE367DF}.Release|x64.ActiveCfg = Release|x64
		{B9BAAE0D-532B-4C58-B8B6-7F15ADE367DF}.Release|x64.Build.0 = Release|x64
		{B9BAAE0D-532B-4C58-B8B6-7F15ADE367DF}.Release|x86.ActiveCfg = Release|Win32
		{B9BAAE0D-532B-4C58-B8B6-7F15ADE367DF}.Release|x86.Build.0 = Release|Win32
		{FB086104-EE79-4361-9B3A-3EE2DE673BC8}.Debug|x64.ActiveCfg = Debug|x64
		{FB086104-EE79-4361-9B3A-3EE2DE673BC8}.Debug|x64.Build.0 = Debug|x64
		{FB086104-EE79-4361-9B3A-3EE2DE673BC8}.Debug|x86.ActiveCfg = Debug|Win32
		{FB086104-EE79-4361-9B3A-3EE2DE673BC8}.Debug|x86.Build.0 = Debug|Win32
		{FB086104-EE79-4361-9B3A-3EE2DE673BC8}.Release|x64.ActiveCfg = Release|x64
		{FB086104-EE79-4361-9B3A-3EE2DE673BC8}.Release|x64.Build.0 = Release|x64
		{FB086104-EE79-4361-9B3A-3EE2DE673BC8}.Release|x86.ActiveCfg = Release|Win32
		{FB086104-EE79-4361-9B3A-3EE2DE673BC8}.Release|x86.Build.0 = Release|Win32
		{51D8A86F-4B79-4FD4-B8B8-97BBF6F269B4}.Debug|x64.ActiveCfg = Debug|x64
		{51D8A86F-4B79-4FD4-B8B8-97BBF6F269B4}.Debug|x64.Build.0 = Debug|x64
		{51D8A86F-4B79-4FD4-B8B8-97BBF6F269B4}.Debug|x86.ActiveCfg = Debug|Win32
		{51D8A86F-4B79-4FD4-B8B8-97BBF6F269B4}.Debug|x86.Build.0 = Debug|Win32
		{51D8A86F-4B79-4FD4-B8B8-97BBF6F269B4}.Release|x64.ActiveCfg = Release|x64
		{51D8A86F-4B79-4FD4-B8B8-97BBF6F269B4}.Release|x64.Build.0 = Release|x64
		{51D8A86F-4B79-4FD4-B8B8-97BBF6F269B4}.Release|x86.ActiveCfg = Release|Win32
		{51D8A86F-4B79-4FD4-B8B8-97BBF6F269B4}.Release|x86.Build.0 = Release|Win32
		{32566E45-A581-49C8-843A-58405901B453}.Debug|x64.ActiveCfg = Debug|x64
		{32566E45-A581-49C8-843A-58405901B453}.Debug|x64.Build.0 = Debug|x64
		{32566E45-A581-49C8-843A-58405901B453}.Debug|x86.ActiveCfg = Debug|Win32
		{32566E45-A581-49C8-843A-58405901B453}.Debug|x86.Build.0 = Debug|Win32
		{32566E45-A581-49C8-843A-58405901B453}.Release|x64.ActiveCfg = Release|x64
		{32566E45-A581-49C8-843A-58405901B453}.Release|x64.Build.0 = Release|x64
		{32566E45-A581-49C8-843A-58405901B453}.Release|x86.ActiveCfg = Release|Win32
		{32566E45-A581-49C8-843A-58405901B453}.Release|x86.Build.0 = Release|Win32
		{209D2DE6-CB1C-4241-BEA4-925F8F2F5A4F}.Debug|x64.ActiveCfg = Debug|x64
		{209D2DE6-CB1C-4241-BEA4-925F8F2F5A4F}.Debug|x64.Build.0 = Debug|x64
		{209D2DE6-CB1C-4241-BEA4-925F8F2F5A4F}.Debug|x86.ActiveCfg = Debug|Win32
		{209D2DE6-CB1C-4241-BEA4-925F8F2F5A4F}.Debug|x86.Build.0 = Debug|Win32
		{209D2DE6-CB1C-4241-BEA4-925F8F2F5A4F}.Release|x64.ActiveCfg = Release|x64
		{209D2DE6-CB1C-4241-BEA4-925F8F2F5A4F}.Release|x64.Build.0 = Release|x64
		{209D2DE6-CB1C-4241-BEA4-925F8F2F5A4F}.Release|x86.ActiveCfg = Release|Win32
		{209D2DE6-CB1C-4241-BEA4-925F8F2F5A4F}.Release|x86.Build.0 = Release|Win32
		{510C831D-1DF9-41AE-A3E6-DAF64AE2B28F}.Debug|x64.ActiveCfg = Debug|x64
		{510C831D-1DF9-41AE-A3E6-DAF64AE2B28F}.Debug|x64.Build.0 = Debug|x64
		{510C831D-1DF9-41AE-A3E6-DAF64AE2B28F}.Debug|x86.ActiveCfg = Debug|Win32
		{510C831D-1DF9-41AE-A3E6-DAF64AE2B28F}.Debug|x86.Build.0 = Debug|Win32
		{510C831D-1DF9-41AE-A3E6-DAF64AE2B28F}.Release|x64.ActiveCfg = Release|x64
		{510C831D-1DF9-41AE-A3E6-DAF64AE2B28F}.Release|x64.Build.0 = Release|x64
		{510C831D-1DF9-41AE-A3E6-DAF64AE2B28F}.Release|x86.ActiveCfg = Release|Win32
		{510C831D-1DF9-41AE-A3E6-DAF64AE2B28F}.Release|x86.Build.0 = Release|Win32
		{C2E60099-FBE7-4181-A56B-B5F5430DB418}.Debug|x64.ActiveCfg = Debug|x64
		{C2E60099-FBE7-4181-A56B-B5F5430DB418}.Debug|x64.Build.0 = Debug|x64
		{C2E60099-FBE7-4181-A56B-B5F5430DB418}.Debug|x86.ActiveCfg = Debug|Win32
		{C2E60099-FBE7-4181-A56B-B5F5430DB418}.Debug|x86.Build.0 = Debug|Win32
		{C2E60099-FBE7-4181-A56B-B5F5430DB418}.Release|x64.ActiveCfg = Release|x64
		{C2E60099-FBE7-4181-A56B-B5F5430DB418}.Release|x64.Build.0 = Release|x64
		{C2E60099-FBE7-4181-A56B-B5F5430DB418}.Release|x86.ActiveCfg = Release|Win32
		{C2E60099-FBE7-4181-A56B-B5F5430DB418}.Release|x86.Build.0 = Release|Win32
		{248CEF2C-55BA-447F-AB62-2632E8503B4F}.Debug|x64.ActiveCfg = Debug|x64
		{248CEF2C-55BA-447F-AB62-2632E8503B4F}.Debug|x64.Build.0 = Debug|x64
		{248CEF2C-55BA-447F-AB62-2632E8503B4F}.Debug|x86.ActiveCfg = Debug|Win32
		{248CEF2C-55BA-447F-AB62-2632E8503B4F}.Debug|x86.Build.0 = Debug|Win32
		{248CEF2C-55BA-447F-AB62-2632E8503B4F}.Release|x64.ActiveCfg = Release|x64
		{248CEF2C-55BA-447F-AB62-2632E8503B4F}.Release|x64.Build.0 = Release|x64
		{248CEF2C-55BA-447F-AB62-2632E8503B4F}.Release|x86.ActiveCfg = Release|Win32
		{248CEF2C-55BA-447F-AB62-2632E8503B4F}.Release|x86.Build.0 = Release|Win32
		{C2D3CA26-6D86-4FA4-992D-2FE28C1760C5}.Debug|x64.ActiveCfg = Debug|x64
		{C2D3CA26-6D86-4FA4-992D-2FE28C1760C5}.Debug|x64.Build.0 = Debug|x64
		{C2D3CA26-6D86-4FA4-992D-2FE28C1760C5}.Debug|x86.ActiveCfg = Debug|Win32
		{C2D3CA26-6D86-4FA4-992D-2FE28C1760C5}.Debug|x86.Build.0 = Debug|Win32
		{C2D3CA26-6D86-4FA4-992D-2FE28C1760C5}.Release|x64.ActiveCfg = Release|x64
		{C2D3CA26-6D86-4FA4-992D-2FE28C1760C5}.Release|x64.Build.0 = Release|x64
		{C2D3CA26-6D86-4FA4-992D-2FE28C1760C5}.Release|x86.ActiveCfg = Release|Win32
		{C2D3CA26-6D86-4FA4-992D-2FE28C1760C5}.Release|x86.Build.0 = Release|Win32
		{741621FA-909D-49D3-BEC0-AABA5C9B0CFA}.Debug|x64.ActiveCfg = Debug|x64
		{741621FA-909D-49D3-BEC0-AABA5C9B0CFA}.Debug|x64.Build.0 = Debug|x64
		{741621FA-909D-49D3-BEC0-AABA5C9B0CFA}.Debug|x86.ActiveCfg = Debug|Win32
		{741621FA-909D-49D3-BEC0-AABA5C9B0CFA}.Debug|x86.Build.0 = Debug|Win32
		{741621FA-909D-49D3-BEC0-AABA5C9B0CFA}.Release|x64.ActiveCfg = Release|x64
		{741621FA-909D-49D3-BEC0-AABA5C9B0CFA}.Release|x64.Build.0 = Release|x64
		{741621FA-909D-49D3-BEC0-AABA5C9B0CFA}.Release|x86.ActiveCfg = Release|Win32
		{741621FA-909D-49D3-BEC0-AABA5C9B0CFA}.Release|x86.Build.0 = Release|Win32
		{72B1F49A-EA74-41E8-B123-75745F7E9F7B}.Debug|x64.ActiveCfg = Debug|x64
		{72B1F49A-EA74-41E8-B123-75745F7E9F7B}.Debug|x64.Build.0 = Debug|x64
		{72B1F49A-EA74-41E8-B123-75745F7E9F7B}.Debug|x86.ActiveCfg = Debug|Win32
		{72B1F49A-EA74-41E8-B123-75745F7E9F7B}.Debug|x86.Build.0 = Debug|Win32
		{72B1F49A-EA74-41E8-B123-75745F7E9F7B}.Release|x64.ActiveCfg = Release|x64
		{72B1F49A-EA74-41E8-B123-75745F7E9F7B}.Release|x64.Build.0 = Release|x64
		{72B1F49A-EA74-41E8-B123-75745F7E9F7B}.Release|x86.ActiveCfg = Release|Win32
		{72B1F49A-EA74-41E8-B123-75745F7E9F7B}.Release|x86.Build.0 = Release|Win32
		{B44DF77C-92F9-4764-90AE-1FDD3AF6277F}.Debug|x64.ActiveCfg = Debug|x64
		{B44DF77C-92F9-4764-90AE-1FDD3AF6277F}.Debug|x64.Build.0 = Debug|x64
		{B44DF77C-92F9-4764-90AE-1FDD3AF6277F}.Debug|x86.ActiveCfg = Debug|Win32
		{B44DF77C-92F9-4764-90AE-1FDD3AF6277F}.Debug|x86.Build.0 = Debug|Win32
		{B44DF77C-92F9-4764-90AE-1FDD3AF6277F}.Release|x64.ActiveCfg = Release|x64
		{B44DF77C-92F9-4764-90AE-1FDD3AF6277F}.Release|x64.Build.0 = Release|x64
		{B44DF77C-92F9-4764-90AE-1FDD3AF6277F}.Release|x86.ActiveCfg = Release|Win32
		{B44DF77C-92F9-4764-90AE-1FDD3AF6277F}.Release|x86.Build.0 = Release|Win32
		{C0E68040-1053-4118-9499-BD1C1ACBB74B}.Debug|x64.ActiveCfg = Debug|x64
		{C0E68040-1053-4118-9499-BD1C1ACBB74B}.Debug|x64.Build.0 = Debug|x64
		{C0E68040-1053-4118-9499-BD1C1ACBB74B}.Debug|x86.ActiveCfg = Debug|Win32
		{C0E68040-1053-4118-9499-BD1C1ACBB74B}.Debug|x86.Build.0 = Debug|Win32
		{C0E68040-1053-4118-9499-BD1C1ACBB74B}.Release|x64.ActiveCfg = Release|x64
		{C0E68040-1053-4118-9499-BD1C1ACBB74B}.Release|x64.Build.0 = Release|x64
		{C0E68040-1053-4118-9499-BD1C1ACBB74B}.Release|x86.ActiveCfg = Release|Win32
		{C0E68040-1053-4118-9499-BD1C1ACBB74B}.Release|x86.Build.0 = Release|Win32
		{76099ED6-9B66-4646-B7E0-0992C10877D1}.Debug|x64.ActiveCfg = Debug|x64
		{76099ED6-9B66-4646-B7E0-0992C10877D1}.Debug|x64.Build.0 = Debug|x64
		{76099ED6-9B66-4646-B7E0-0992C10877D1}.Debug|x86.ActiveCfg = Debug|Win32
		{76099ED6-9B66-4646-B7E0-0992C10877D1}.Debug|x86.Build.0 = Debug|Win32
		{76099ED6-9B66-4646-B7E0-0992C10877D1}.Release|x64.ActiveCfg = Release|x64
		{76099ED6-9B66-4646-B7E0-0992C10877D1}.Release|x64.Build.0 = Release|x64
		{76099ED6-9B66-4646-B7E0-0992C10877D1}.Release|x86.ActiveCfg = Release|Win32
		{76099ED6-9B66-4646-B7E0-0992C10877D1}.Release|x86.Build.0 = Release|Win32
		{66BF4561-14B6-4AB4-A745-3A4F60B14412}.Debug|x64.ActiveCfg = Debug|x64
		{66BF4561-14B6-4AB4-A745-3A4F60B14412}.Debug|x64.Build.0 = Debug|x64
		{66BF4561-14B6-4AB4-A745-3A4F60B14412}.Debug|x86.ActiveCfg = Debug|Win32
		{66BF4561-14B6-4AB4-A745-3A4F60B14412}.Debug|x86.Build.0 = Debug|Win32
		{66BF4561-14B6-4AB4-A745-3A4F60B14412}.Release|x64.ActiveCfg = Release|x64
		{66BF4561-14B6-4AB4-A745-3A4F60B14412}.Release|x64.Build.0 = Release|x64
		{66BF4561-14B6-4AB4-A745-3A4F60B14412}.Release|x86.ActiveCfg = Release|Win32
		{66BF4561-14B6-4AB4-A745-3A4F60B14412}.Release|x86.Build.0 = Release|Win32
		{A128BA4E-E24F-4039-8F6E-EC92DFF5E8D9}.Debug|x64.ActiveCfg = Debug|x64
		{A128BA4E-E24F-4039-8F6E-EC92DFF5E8D9}.Debug|x64.Build.0 = Debug|x64
		{A128BA4E-E24F-4039-8F6E-EC92DFF5E8D9}.Debug|x86.ActiveCfg = Debug|Win32
		{A128BA4E-E24F-4039-8F6E-EC92DFF5E8D9}.Debug|x86.Build.0 = Debug|Win32
		{A128BA4E-E24F-4039-8F6E-EC92DFF5E8D9}.Release|x64.ActiveCfg = Release|x64
		{A128BA4E-E24F-4039-8F6E-EC92DFF5E8D9}.Release|x64.Build.0 = Release|x64
		{A128BA4E-E24F-4039-8F6E-EC92DFF5E8D9}.Release|x86.ActiveCfg = Release|Win32
		{A128BA4E-E24F-4039-8F6E-EC92DFF5E8D9}.Release|x86.Build.0 = Release|Win32
		{F00238F6-B5EE-4F0E-AF8A-DB23A75E8748}.Debug|x64.ActiveCfg = Debug|x64
		{F00238F6-B5EE-4F0E-AF8A-DB23A75E8748}.Debug|x64.Build.0 = Debug|x64
		{F00238F6-B5EE-4F0E-AF8A-DB23A75E8748}.Debug|x86.ActiveCfg = Debug|Win32
		{F00238F6-B5EE-4F0E-AF8A-DB23A75E8748}.Debug|x86.Build.0 = Debug|Win32
		{F00238F6-B5EE-4F0E-AF8A-DB23A75E8748}.Release|x64.ActiveCfg = Release|x64
		{F00238F6-B5EE-4F0E-AF8A-DB23A75E8748}.Release|x64.Build.0 = Release|x64
		{F00238F6-B5EE-4F0E-AF8A-DB23A75E8748}.Release|x86.ActiveCfg = Release|Win32
		{F00238F6-B5EE-4F0E-AF8A-DB23A75E8748}.Release|x86.Build.0 = Release|Win32
		{394609C1-168B-435D-B89C-FF4BAB3E1E98}.Debug|x64.ActiveCfg = Debug|x64
		{394609C1-168B-435D-B89C-FF4BAB3E1E98}.Debug|x64.Build.0 = Debug|x64
		{394609C1-168B-435D-B89C-FF4BAB3E1E98}.Debug|x86.ActiveCfg = Debug|Win32
		{394609C1-168B-435D-B89C-FF4BAB3E1E98}.Debug|x86.Build.0 = Debug|Win32
		{394609C1-168B-435D-B89C-FF4BAB3E1E98}.Release|x64.ActiveCfg = Release|x64
		{394609C1-168B-435D-B89C-FF4BAB3E1E98}.Release|x64.Build.0 = Release|x64
		{394609C1-168B-435D-B89C-FF4BAB3E1E98}.Release|x86.ActiveCfg = Release|Win32
		{394609C1-168B-435D-B89C-FF4BAB3E1E98}.Release|x86.Build.0 = Release|Win32
	EndGlobalSection
	GlobalSection(SolutionProperties) = preSolution
		HideSolutionNode = FALSE
	EndGlobalSection
	GlobalSection(ExtensibilityGlobals) = postSolution
		SolutionGuid = {566D73BC-0737-4D0B-8FEB-239BAE8194EE}
	EndGlobalSection
EndGlobal
